
Microsoft Visual Studio Solution File, Format Version 12.00
# Visual Studio Version 16
VisualStudioVersion = 16.0.30804.86
MinimumVisualStudioVersion = 10.0.40219.1
Project("{2150E333-8FDC-42A3-9474-1A3956D46DE8}") = "src", "src", "{F1CCD1CC-7399-4326-A5CA-3501FFB678A5}"
EndProject
Project("{2150E333-8FDC-42A3-9474-1A3956D46DE8}") = "Services", "Services", "{78821C11-FE55-4CC2-8AAB-C78E384FFF79}"
EndProject
Project("{2150E333-8FDC-42A3-9474-1A3956D46DE8}") = "Catalog", "Catalog", "{E4C225CE-479A-4D1F-8457-DE5ADB20688B}"
EndProject
Project("{2150E333-8FDC-42A3-9474-1A3956D46DE8}") = "Tests", "Tests", "{330222D6-48B7-4F9B-BEC3-63CB81255665}"
EndProject
Project("{9A19103F-16F7-4668-BE54-9A1E7A4F7556}") = "Catalog.Test", "Services\Catalog\Catalog.Test\Catalog.Test.csproj", "{2C7A0C0D-A6CB-4CE1-A5ED-DA55AE58B519}"
EndProject
Project("{9A19103F-16F7-4668-BE54-9A1E7A4F7556}") = "Catalog.API", "Services\Catalog\Catalog.API\Catalog.API.csproj", "{E1981A9F-B063-4F10-9A95-5103B68EAA95}"
EndProject
Global
	GlobalSection(SolutionConfigurationPlatforms) = preSolution
		Debug|Any CPU = Debug|Any CPU
		Release|Any CPU = Release|Any CPU
	EndGlobalSection
	GlobalSection(ProjectConfigurationPlatforms) = postSolution
		{2C7A0C0D-A6CB-4CE1-A5ED-DA55AE58B519}.Debug|Any CPU.ActiveCfg = Debug|Any CPU
		{2C7A0C0D-A6CB-4CE1-A5ED-DA55AE58B519}.Debug|Any CPU.Build.0 = Debug|Any CPU
		{2C7A0C0D-A6CB-4CE1-A5ED-DA55AE58B519}.Release|Any CPU.ActiveCfg = Release|Any CPU
		{2C7A0C0D-A6CB-4CE1-A5ED-DA55AE58B519}.Release|Any CPU.Build.0 = Release|Any CPU
		{E1981A9F-B063-4F10-9A95-5103B68EAA95}.Debug|Any CPU.ActiveCfg = Debug|Any CPU
		{E1981A9F-B063-4F10-9A95-5103B68EAA95}.Debug|Any CPU.Build.0 = Debug|Any CPU
		{E1981A9F-B063-4F10-9A95-5103B68EAA95}.Release|Any CPU.ActiveCfg = Release|Any CPU
		{E1981A9F-B063-4F10-9A95-5103B68EAA95}.Release|Any CPU.Build.0 = Release|Any CPU
	EndGlobalSection
	GlobalSection(SolutionProperties) = preSolution
		HideSolutionNode = FALSE
	EndGlobalSection
	GlobalSection(NestedProjects) = preSolution
		{78821C11-FE55-4CC2-8AAB-C78E384FFF79} = {F1CCD1CC-7399-4326-A5CA-3501FFB678A5}
		{E4C225CE-479A-4D1F-8457-DE5ADB20688B} = {78821C11-FE55-4CC2-8AAB-C78E384FFF79}
		{330222D6-48B7-4F9B-BEC3-63CB81255665} = {E4C225CE-479A-4D1F-8457-DE5ADB20688B}
		{2C7A0C0D-A6CB-4CE1-A5ED-DA55AE58B519} = {330222D6-48B7-4F9B-BEC3-63CB81255665}
		{E1981A9F-B063-4F10-9A95-5103B68EAA95} = {E4C225CE-479A-4D1F-8457-DE5ADB20688B}
	EndGlobalSection
	GlobalSection(ExtensibilityGlobals) = postSolution
		SolutionGuid = {B3FF2294-2FC5-4AAA-AF06-D41DBD829924}
	EndGlobalSection
EndGlobal
